
Microsoft Visual Studio Solution File, Format Version 12.00
# Visual Studio 15
VisualStudioVersion = 15.0.27703.2035
MinimumVisualStudioVersion = 10.0.40219.1
Project("{9A19103F-16F7-4668-BE54-9A1E7A4F7556}") = "ThoughtWorks.QRCode", "ThoughtWorks.QRCode\ThoughtWorks.QRCode.csproj", "{8E05E3C1-768D-425E-BB94-EA05C74BD03C}"
EndProject
Project("{9A19103F-16F7-4668-BE54-9A1E7A4F7556}") = "ThoughtWorks.QRCode.Test", "ThoughtWorks.QRCode.Demo\ThoughtWorks.QRCode.Test.csproj", "{C8608FDF-F4FD-4182-A0B7-730B0189A8B6}"
EndProject
Global
	GlobalSection(SolutionConfigurationPlatforms) = preSolution
		Debug|Any CPU = Debug|Any CPU
		Release|Any CPU = Release|Any CPU
	EndGlobalSection
	GlobalSection(ProjectConfigurationPlatforms) = postSolution
		{8E05E3C1-768D-425E-BB94-EA05C74BD03C}.Debug|Any CPU.ActiveCfg = Debug|Any CPU
		{8E05E3C1-768D-425E-BB94-EA05C74BD03C}.Debug|Any CPU.Build.0 = Debug|Any CPU
		{8E05E3C1-768D-425E-BB94-EA05C74BD03C}.Release|Any CPU.ActiveCfg = Release|Any CPU
		{8E05E3C1-768D-425E-BB94-EA05C74BD03C}.Release|Any CPU.Build.0 = Release|Any CPU
		{C8608FDF-F4FD-4182-A0B7-730B0189A8B6}.Debug|Any CPU.ActiveCfg = Debug|Any CPU
		{C8608FDF-F4FD-4182-A0B7-730B0189A8B6}.Debug|Any CPU.Build.0 = Debug|Any CPU
		{C8608FDF-F4FD-4182-A0B7-730B0189A8B6}.Release|Any CPU.ActiveCfg = Release|Any CPU
		{C8608FDF-F4FD-4182-A0B7-730B0189A8B6}.Release|Any CPU.Build.0 = Release|Any CPU
	EndGlobalSection
	GlobalSection(SolutionProperties) = preSolution
		HideSolutionNode = FALSE
	EndGlobalSection
	GlobalSection(ExtensibilityGlobals) = postSolution
		SolutionGuid = {281D1E8E-D018-4702-94FD-BFAE2612CE26}
	EndGlobalSection
EndGlobal
