
Microsoft Visual Studio Solution File, Format Version 12.00
# Visual Studio Version 16
VisualStudioVersion = 16.0.29613.14
MinimumVisualStudioVersion = 10.0.40219.1
Project("{9A19103F-16F7-4668-BE54-9A1E7A4F7556}") = "ThoughtWorks.QRCode.Test", "ThoughtWorks.QRCode.Test\ThoughtWorks.QRCode.Test.csproj", "{C8608FDF-F4FD-4182-A0B7-730B0189A8B6}"
EndProject
Project("{9A19103F-16F7-4668-BE54-9A1E7A4F7556}") = "ThoughtWorks.QRCode.Test.NuGet", "ThoughtWorks.QRCode.Test.NuGet\ThoughtWorks.QRCode.Test.NuGet.csproj", "{2C7F9765-F68A-4FCB-AECB-4D65A8D47810}"
EndProject
Project("{FAE04EC0-301F-11D3-BF4B-00C04F79EFBC}") = "ThoughtWorks.QRCode", "ThoughtWorks.QRCode\ThoughtWorks.QRCode.csproj", "{544A49F2-BC5A-4E86-A35E-8CA5EB3850DF}"
EndProject
Global
	GlobalSection(SolutionConfigurationPlatforms) = preSolution
		Debug|Any CPU = Debug|Any CPU
		Release|Any CPU = Release|Any CPU
	EndGlobalSection
	GlobalSection(ProjectConfigurationPlatforms) = postSolution
		{C8608FDF-F4FD-4182-A0B7-730B0189A8B6}.Debug|Any CPU.ActiveCfg = Debug|Any CPU
		{C8608FDF-F4FD-4182-A0B7-730B0189A8B6}.Debug|Any CPU.Build.0 = Debug|Any CPU
		{C8608FDF-F4FD-4182-A0B7-730B0189A8B6}.Release|Any CPU.ActiveCfg = Release|Any CPU
		{C8608FDF-F4FD-4182-A0B7-730B0189A8B6}.Release|Any CPU.Build.0 = Release|Any CPU
		{2C7F9765-F68A-4FCB-AECB-4D65A8D47810}.Debug|Any CPU.ActiveCfg = Debug|Any CPU
		{2C7F9765-F68A-4FCB-AECB-4D65A8D47810}.Debug|Any CPU.Build.0 = Debug|Any CPU
		{2C7F9765-F68A-4FCB-AECB-4D65A8D47810}.Release|Any CPU.ActiveCfg = Release|Any CPU
		{2C7F9765-F68A-4FCB-AECB-4D65A8D47810}.Release|Any CPU.Build.0 = Release|Any CPU
		{544A49F2-BC5A-4E86-A35E-8CA5EB3850DF}.Debug|Any CPU.ActiveCfg = Debug|Any CPU
		{544A49F2-BC5A-4E86-A35E-8CA5EB3850DF}.Debug|Any CPU.Build.0 = Debug|Any CPU
		{544A49F2-BC5A-4E86-A35E-8CA5EB3850DF}.Release|Any CPU.ActiveCfg = Release|Any CPU
		{544A49F2-BC5A-4E86-A35E-8CA5EB3850DF}.Release|Any CPU.Build.0 = Release|Any CPU
	EndGlobalSection
	GlobalSection(SolutionProperties) = preSolution
		HideSolutionNode = FALSE
	EndGlobalSection
	GlobalSection(ExtensibilityGlobals) = postSolution
		SolutionGuid = {281D1E8E-D018-4702-94FD-BFAE2612CE26}
	EndGlobalSection
EndGlobal
